github.com/colinwilson/lotusdocs v0.1.0 h1:oTC8pAYQp9XDNaUwE4SEY+id3ByNELxIIFrktYEGxYA=
github.com/colinwilson/lotusdocs v0.1.0/go.mod h1:9zu2REJDi+zdPRcR5/bRYSUR7gkNF4NQLvV38SEoCP8=
github.com/colinwilson/lotusdocs v0.2.0 h1:vG/frwOUKPRpF3xuXk177Pw73aFrFcT2zRgTI9FiiMY=
github.com/colinwilson/lotusdocs v0.2.0/go.mod h1:hGOYA9Ym3MA3YGmm9YHo9HkJxlHCyPNaYeFwvn/IFJY=
github.com/gohugoio/hugo-mod-bootstrap-scss/v5 v5.20300.20200 h1:SmpwwN3DNzJWbV+IT8gaFu07ENUFpCvKou5BHYUKuVs=
github.com/gohugoio/hugo-mod-bootstrap-scss/v5 v5.20300.20200/go.mod h1:kx8MBj9T7SFR8ZClWvKZPmmUxBaltkoXvnWlZZcSnYA=
github.com/gohugoio/hugo-mod-bootstrap-scss/v5 v5.20300.20400 h1:L6+F22i76xmeWWwrtijAhUbf3BiRLmpO5j34bgl1ggU=
github.com/gohugoio/hugo-mod-bootstrap-scss/v5 v5.20300.20400/go.mod h1:uekq1D4ebeXgduLj8VIZy8TgfTjrLdSl6nPtVczso78=
github.com/gohugoio/hugo-mod-jslibs-dist/popperjs/v2 v2.21100.20000 h1:GZxx4Hc+yb0/t3/rau1j8XlAxLE4CyXns2fqQbyqWfs=
github.com/gohugoio/hugo-mod-jslibs-dist/popperjs/v2 v2.21100.20000/go.mod h1:mFberT6ZtcchrsDtfvJM7aAH2bDKLdOnruUHl0hlapI=
github.com/twbs/bootstrap v5.3.2+incompatible/go.mod h1:fZTSrkpSf0/HkL0IIJzvVspTt1r9zuf7XlZau8kpcY0=
github.com/twbs/bootstrap v5.3.3+incompatible/go.mod h1:fZTSrkpSf0/HkL0IIJzvVspTt1r9zuf7XlZau8kpcY0=
github.com/twbs/bootstrap v5.3.6+incompatible h1:efmXVyq839m5QQ0+JBUdQQ1TrmoBqvQ5kRhUueKsH+4=
github.com/twbs/bootstrap v5.3.6+incompatible/go.mod h1:fZTSrkpSf0/HkL0IIJzvVspTt1r9zuf7XlZau8kpcY0=
